
Microsoft Visual Studio Solution File, Format Version 12.00
# Visual Studio Version 17
VisualStudioVersion = 17.7.34024.191
MinimumVisualStudioVersion = 10.0.40219.1
Project("{FAE04EC0-301F-11D3-BF4B-00C04F79EFBC}") = "startup", "startup\startup.csproj", "{7063D281-72AA-4548-B9D0-3AD7A6B69464}"
EndProject
Global
	GlobalSection(SolutionConfigurationPlatforms) = preSolution
		Debug|Any CPU = Debug|Any CPU
		Release|Any CPU = Release|Any CPU
	EndGlobalSection
	GlobalSection(ProjectConfigurationPlatforms) = postSolution
		{7063D281-72AA-4548-B9D0-3AD7A6B69464}.Debug|Any CPU.ActiveCfg = Debug|Any CPU
		{7063D281-72AA-4548-B9D0-3AD7A6B69464}.Debug|Any CPU.Build.0 = Debug|Any CPU
		{7063D281-72AA-4548-B9D0-3AD7A6B69464}.Release|Any CPU.ActiveCfg = Release|Any CPU
		{7063D281-72AA-4548-B9D0-3AD7A6B69464}.Release|Any CPU.Build.0 = Release|Any CPU
	EndGlobalSection
	GlobalSection(SolutionProperties) = preSolution
		HideSolutionNode = FALSE
	EndGlobalSection
	GlobalSection(ExtensibilityGlobals) = postSolution
		SolutionGuid = {49100F90-8665-4835-B6FC-626E108CDC80}
	EndGlobalSection
EndGlobal
